
Microsoft Visual Studio Solution File, Format Version 12.00
# Visual Studio Version 16
VisualStudioVersion = 16.0.30907.101
MinimumVisualStudioVersion = 10.0.40219.1
Project("{FAE04EC0-301F-11D3-BF4B-00C04F79EFBC}") = "MintBeanBlogApi", "MintBeanBlogApi\MintBeanBlogApi.csproj", "{C7715617-D450-46F1-98EE-716789BDFB55}"
EndProject
Global
	GlobalSection(SolutionConfigurationPlatforms) = preSolution
		Debug|Any CPU = Debug|Any CPU
		Release|Any CPU = Release|Any CPU
	EndGlobalSection
	GlobalSection(ProjectConfigurationPlatforms) = postSolution
		{C7715617-D450-46F1-98EE-716789BDFB55}.Debug|Any CPU.ActiveCfg = Debug|Any CPU
		{C7715617-D450-46F1-98EE-716789BDFB55}.Debug|Any CPU.Build.0 = Debug|Any CPU
		{C7715617-D450-46F1-98EE-716789BDFB55}.Release|Any CPU.ActiveCfg = Release|Any CPU
		{C7715617-D450-46F1-98EE-716789BDFB55}.Release|Any CPU.Build.0 = Release|Any CPU
	EndGlobalSection
	GlobalSection(SolutionProperties) = preSolution
		HideSolutionNode = FALSE
	EndGlobalSection
	GlobalSection(ExtensibilityGlobals) = postSolution
		SolutionGuid = {0BE61D2C-7269-472A-82A9-F3C7BBC28624}
	EndGlobalSection
EndGlobal
